
Microsoft Visual Studio Solution File, Format Version 12.00
# Visual Studio Version 17
VisualStudioVersion = 17.6.33829.357
MinimumVisualStudioVersion = 10.0.40219.1
Project("{FAE04EC0-301F-11D3-BF4B-00C04F79EFBC}") = "Entrypoint", "Entrypoint\Entrypoint.csproj", "{AC6934D7-B035-4827-9D31-1E46CBBD994B}"
EndProject
Global
	GlobalSection(SolutionConfigurationPlatforms) = preSolution
		Debug|Any CPU = Debug|Any CPU
		Release|Any CPU = Release|Any CPU
	EndGlobalSection
	GlobalSection(ProjectConfigurationPlatforms) = postSolution
		{AC6934D7-B035-4827-9D31-1E46CBBD994B}.Debug|Any CPU.ActiveCfg = Debug|Any CPU
		{AC6934D7-B035-4827-9D31-1E46CBBD994B}.Debug|Any CPU.Build.0 = Debug|Any CPU
		{AC6934D7-B035-4827-9D31-1E46CBBD994B}.Release|Any CPU.ActiveCfg = Release|Any CPU
		{AC6934D7-B035-4827-9D31-1E46CBBD994B}.Release|Any CPU.Build.0 = Release|Any CPU
	EndGlobalSection
	GlobalSection(SolutionProperties) = preSolution
		HideSolutionNode = FALSE
	EndGlobalSection
	GlobalSection(ExtensibilityGlobals) = postSolution
		SolutionGuid = {299715A1-3044-4BD5-9CC2-F9C701586D65}
	EndGlobalSection
EndGlobal
